
Microsoft Visual Studio Solution File, Format Version 12.00
# Visual Studio Version 17
VisualStudioVersion = 17.7.34221.43
MinimumVisualStudioVersion = 10.0.40219.1
Project("{FAE04EC0-301F-11D3-BF4B-00C04F79EFBC}") = "EnumComp", "EnumComp\EnumComp.csproj", "{7562F754-06CD-4C70-91CD-3EE2C056BDDF}"
EndProject
Global
	GlobalSection(SolutionConfigurationPlatforms) = preSolution
		Debug|Any CPU = Debug|Any CPU
		Release|Any CPU = Release|Any CPU
	EndGlobalSection
	GlobalSection(ProjectConfigurationPlatforms) = postSolution
		{7562F754-06CD-4C70-91CD-3EE2C056BDDF}.Debug|Any CPU.ActiveCfg = Debug|Any CPU
		{7562F754-06CD-4C70-91CD-3EE2C056BDDF}.Debug|Any CPU.Build.0 = Debug|Any CPU
		{7562F754-06CD-4C70-91CD-3EE2C056BDDF}.Release|Any CPU.ActiveCfg = Release|Any CPU
		{7562F754-06CD-4C70-91CD-3EE2C056BDDF}.Release|Any CPU.Build.0 = Release|Any CPU
	EndGlobalSection
	GlobalSection(SolutionProperties) = preSolution
		HideSolutionNode = FALSE
	EndGlobalSection
	GlobalSection(ExtensibilityGlobals) = postSolution
		SolutionGuid = {E14F40BE-17F9-4C98-83FF-0D338107B6C8}
	EndGlobalSection
EndGlobal
