
Microsoft Visual Studio Solution File, Format Version 12.00
# Visual Studio Version 17
VisualStudioVersion = 17.7.34221.43
MinimumVisualStudioVersion = 10.0.40219.1
Project("{FAE04EC0-301F-11D3-BF4B-00C04F79EFBC}") = "ApplicationLinq", "ApplicationLinq\ApplicationLinq.csproj", "{975FBB10-2340-4D09-BE8E-2475E074873A}"
EndProject
Global
	GlobalSection(SolutionConfigurationPlatforms) = preSolution
		Debug|Any CPU = Debug|Any CPU
		Release|Any CPU = Release|Any CPU
	EndGlobalSection
	GlobalSection(ProjectConfigurationPlatforms) = postSolution
		{975FBB10-2340-4D09-BE8E-2475E074873A}.Debug|Any CPU.ActiveCfg = Debug|Any CPU
		{975FBB10-2340-4D09-BE8E-2475E074873A}.Debug|Any CPU.Build.0 = Debug|Any CPU
		{975FBB10-2340-4D09-BE8E-2475E074873A}.Release|Any CPU.ActiveCfg = Release|Any CPU
		{975FBB10-2340-4D09-BE8E-2475E074873A}.Release|Any CPU.Build.0 = Release|Any CPU
	EndGlobalSection
	GlobalSection(SolutionProperties) = preSolution
		HideSolutionNode = FALSE
	EndGlobalSection
	GlobalSection(ExtensibilityGlobals) = postSolution
		SolutionGuid = {BCB854D0-B3C4-4795-91E4-47E112F9EC04}
	EndGlobalSection
EndGlobal
