
Microsoft Visual Studio Solution File, Format Version 12.00
# Visual Studio Version 17
VisualStudioVersion = 17.7.34221.43
MinimumVisualStudioVersion = 10.0.40219.1
Project("{FAE04EC0-301F-11D3-BF4B-00C04F79EFBC}") = "LinqApplication", "LinqApplication\LinqApplication.csproj", "{A5140609-9845-4BAA-B237-52BF6801D008}"
EndProject
Global
	GlobalSection(SolutionConfigurationPlatforms) = preSolution
		Debug|Any CPU = Debug|Any CPU
		Release|Any CPU = Release|Any CPU
	EndGlobalSection
	GlobalSection(ProjectConfigurationPlatforms) = postSolution
		{A5140609-9845-4BAA-B237-52BF6801D008}.Debug|Any CPU.ActiveCfg = Debug|Any CPU
		{A5140609-9845-4BAA-B237-52BF6801D008}.Debug|Any CPU.Build.0 = Debug|Any CPU
		{A5140609-9845-4BAA-B237-52BF6801D008}.Release|Any CPU.ActiveCfg = Release|Any CPU
		{A5140609-9845-4BAA-B237-52BF6801D008}.Release|Any CPU.Build.0 = Release|Any CPU
	EndGlobalSection
	GlobalSection(SolutionProperties) = preSolution
		HideSolutionNode = FALSE
	EndGlobalSection
	GlobalSection(ExtensibilityGlobals) = postSolution
		SolutionGuid = {97F22F27-DADD-4043-A2DC-F82184BD487C}
	EndGlobalSection
EndGlobal
