
Microsoft Visual Studio Solution File, Format Version 12.00
# Visual Studio Version 17
VisualStudioVersion = 17.7.34221.43
MinimumVisualStudioVersion = 10.0.40219.1
Project("{FAE04EC0-301F-11D3-BF4B-00C04F79EFBC}") = "LogAccess", "LogAccess\LogAccess.csproj", "{EC68EE17-3044-449C-BF0D-1987EB6F9A6E}"
EndProject
Global
	GlobalSection(SolutionConfigurationPlatforms) = preSolution
		Debug|Any CPU = Debug|Any CPU
		Release|Any CPU = Release|Any CPU
	EndGlobalSection
	GlobalSection(ProjectConfigurationPlatforms) = postSolution
		{EC68EE17-3044-449C-BF0D-1987EB6F9A6E}.Debug|Any CPU.ActiveCfg = Debug|Any CPU
		{EC68EE17-3044-449C-BF0D-1987EB6F9A6E}.Debug|Any CPU.Build.0 = Debug|Any CPU
		{EC68EE17-3044-449C-BF0D-1987EB6F9A6E}.Release|Any CPU.ActiveCfg = Release|Any CPU
		{EC68EE17-3044-449C-BF0D-1987EB6F9A6E}.Release|Any CPU.Build.0 = Release|Any CPU
	EndGlobalSection
	GlobalSection(SolutionProperties) = preSolution
		HideSolutionNode = FALSE
	EndGlobalSection
	GlobalSection(ExtensibilityGlobals) = postSolution
		SolutionGuid = {3BD74FB4-20D0-49A4-BAF6-E08196E2A9AC}
	EndGlobalSection
EndGlobal
