
Microsoft Visual Studio Solution File, Format Version 12.00
# Visual Studio Version 17
VisualStudioVersion = 17.7.34221.43
MinimumVisualStudioVersion = 10.0.40219.1
Project("{FAE04EC0-301F-11D3-BF4B-00C04F79EFBC}") = "Company", "Company\Company.csproj", "{7BA244EE-291C-4548-ABBD-18232E48ECA7}"
EndProject
Global
	GlobalSection(SolutionConfigurationPlatforms) = preSolution
		Debug|Any CPU = Debug|Any CPU
		Release|Any CPU = Release|Any CPU
	EndGlobalSection
	GlobalSection(ProjectConfigurationPlatforms) = postSolution
		{7BA244EE-291C-4548-ABBD-18232E48ECA7}.Debug|Any CPU.ActiveCfg = Debug|Any CPU
		{7BA244EE-291C-4548-ABBD-18232E48ECA7}.Debug|Any CPU.Build.0 = Debug|Any CPU
		{7BA244EE-291C-4548-ABBD-18232E48ECA7}.Release|Any CPU.ActiveCfg = Release|Any CPU
		{7BA244EE-291C-4548-ABBD-18232E48ECA7}.Release|Any CPU.Build.0 = Release|Any CPU
	EndGlobalSection
	GlobalSection(SolutionProperties) = preSolution
		HideSolutionNode = FALSE
	EndGlobalSection
	GlobalSection(ExtensibilityGlobals) = postSolution
		SolutionGuid = {31A5A7DF-B0AE-4542-88B4-B2E8F8D28C0D}
	EndGlobalSection
EndGlobal
